
Microsoft Visual Studio Solution File, Format Version 12.00
# Visual Studio Version 16
VisualStudioVersion = 16.0.32126.315
MinimumVisualStudioVersion = 10.0.40219.1
Project("{FAE04EC0-301F-11D3-BF4B-00C04F79EFBC}") = "Simple Blackjack", "Simple Blackjack\Simple Blackjack.csproj", "{8CAF76A6-C433-4F24-8DDF-36329A1445E5}"
EndProject
Global
	GlobalSection(SolutionConfigurationPlatforms) = preSolution
		Debug|Any CPU = Debug|Any CPU
		Release|Any CPU = Release|Any CPU
	EndGlobalSection
	GlobalSection(ProjectConfigurationPlatforms) = postSolution
		{8CAF76A6-C433-4F24-8DDF-36329A1445E5}.Debug|Any CPU.ActiveCfg = Debug|Any CPU
		{8CAF76A6-C433-4F24-8DDF-36329A1445E5}.Debug|Any CPU.Build.0 = Debug|Any CPU
		{8CAF76A6-C433-4F24-8DDF-36329A1445E5}.Release|Any CPU.ActiveCfg = Release|Any CPU
		{8CAF76A6-C433-4F24-8DDF-36329A1445E5}.Release|Any CPU.Build.0 = Release|Any CPU
	EndGlobalSection
	GlobalSection(SolutionProperties) = preSolution
		HideSolutionNode = FALSE
	EndGlobalSection
	GlobalSection(ExtensibilityGlobals) = postSolution
		SolutionGuid = {69464414-D4B9-43A4-9784-68350C64F5EE}
	EndGlobalSection
EndGlobal
